
Microsoft Visual Studio Solution File, Format Version 12.00
# Visual Studio Version 17
VisualStudioVersion = 17.11.35303.130
MinimumVisualStudioVersion = 10.0.40219.1
Project("{FAE04EC0-301F-11D3-BF4B-00C04F79EFBC}") = "Dnc.WebApi", "Dnc.WebApi\Dnc.WebApi.csproj", "{B5DE6BFA-CED9-4044-AE1A-5021C8A9D22C}"
EndProject
Project("{FAE04EC0-301F-11D3-BF4B-00C04F79EFBC}") = "Dnc.ConsoleClient", "Dnc.ConsoleClient\Dnc.ConsoleClient.csproj", "{EBC22FF0-F16B-4240-AF1D-E4EE65CA2188}"
EndProject
Global
	GlobalSection(SolutionConfigurationPlatforms) = preSolution
		Debug|Any CPU = Debug|Any CPU
		Release|Any CPU = Release|Any CPU
	EndGlobalSection
	GlobalSection(ProjectConfigurationPlatforms) = postSolution
		{B5DE6BFA-CED9-4044-AE1A-5021C8A9D22C}.Debug|Any CPU.ActiveCfg = Debug|Any CPU
		{B5DE6BFA-CED9-4044-AE1A-5021C8A9D22C}.Debug|Any CPU.Build.0 = Debug|Any CPU
		{B5DE6BFA-CED9-4044-AE1A-5021C8A9D22C}.Release|Any CPU.ActiveCfg = Release|Any CPU
		{B5DE6BFA-CED9-4044-AE1A-5021C8A9D22C}.Release|Any CPU.Build.0 = Release|Any CPU
		{EBC22FF0-F16B-4240-AF1D-E4EE65CA2188}.Debug|Any CPU.ActiveCfg = Debug|Any CPU
		{EBC22FF0-F16B-4240-AF1D-E4EE65CA2188}.Debug|Any CPU.Build.0 = Debug|Any CPU
		{EBC22FF0-F16B-4240-AF1D-E4EE65CA2188}.Release|Any CPU.ActiveCfg = Release|Any CPU
		{EBC22FF0-F16B-4240-AF1D-E4EE65CA2188}.Release|Any CPU.Build.0 = Release|Any CPU
	EndGlobalSection
	GlobalSection(SolutionProperties) = preSolution
		HideSolutionNode = FALSE
	EndGlobalSection
	GlobalSection(ExtensibilityGlobals) = postSolution
		SolutionGuid = {C383F2F8-28C7-4155-863A-7EF60C9DEB9A}
	EndGlobalSection
EndGlobal
